
Microsoft Visual Studio Solution File, Format Version 12.00
# Visual Studio 14
VisualStudioVersion = 14.0.25420.1
MinimumVisualStudioVersion = 10.0.40219.1
Project("{FAE04EC0-301F-11D3-BF4B-00C04F79EFBC}") = "ConsoleApplication1", "ConsoleApplication1\ConsoleApplication1.csproj", "{5EA5BB7E-2AD6-41DD-8640-E5A378DCC80A}"
EndProject
Global
	GlobalSection(SolutionConfigurationPlatforms) = preSolution
		Debug|Any CPU = Debug|Any CPU
		Release|Any CPU = Release|Any CPU
	EndGlobalSection
	GlobalSection(ProjectConfigurationPlatforms) = postSolution
		{5EA5BB7E-2AD6-41DD-8640-E5A378DCC80A}.Debug|Any CPU.ActiveCfg = Debug|Any CPU
		{5EA5BB7E-2AD6-41DD-8640-E5A378DCC80A}.Debug|Any CPU.Build.0 = Debug|Any CPU
		{5EA5BB7E-2AD6-41DD-8640-E5A378DCC80A}.Release|Any CPU.ActiveCfg = Release|Any CPU
		{5EA5BB7E-2AD6-41DD-8640-E5A378DCC80A}.Release|Any CPU.Build.0 = Release|Any CPU
	EndGlobalSection
	GlobalSection(SolutionProperties) = preSolution
		HideSolutionNode = FALSE
	EndGlobalSection
EndGlobal
